
Microsoft Visual Studio Solution File, Format Version 11.00
# Visual Studio 2010
Project("{8BC9CEB8-8B4A-11D0-8D11-00A0C91BC942}") = "burrowedBanes", "burrowedBanes.vcxproj", "{02BB7722-EAEA-439C-96D8-73C2C811642B}"
EndProject
Global
	GlobalSection(SolutionConfigurationPlatforms) = preSolution
		Debug|Win32 = Debug|Win32
		Release|Win32 = Release|Win32
	EndGlobalSection
	GlobalSection(ProjectConfigurationPlatforms) = postSolution
		{02BB7722-EAEA-439C-96D8-73C2C811642B}.Debug|Win32.ActiveCfg = Debug|Win32
		{02BB7722-EAEA-439C-96D8-73C2C811642B}.Debug|Win32.Build.0 = Debug|Win32
		{02BB7722-EAEA-439C-96D8-73C2C811642B}.Release|Win32.ActiveCfg = Release|Win32
		{02BB7722-EAEA-439C-96D8-73C2C811642B}.Release|Win32.Build.0 = Release|Win32
	EndGlobalSection
	GlobalSection(SolutionProperties) = preSolution
		HideSolutionNode = FALSE
	EndGlobalSection
EndGlobal
